
Microsoft Visual Studio Solution File, Format Version 12.00
# Visual Studio Version 16
VisualStudioVersion = 16.0.30114.105
MinimumVisualStudioVersion = 10.0.40219.1
Project("{FAE04EC0-301F-11D3-BF4B-00C04F79EFBC}") = "PaymentContext.Domain", "PaymentContext.Domain\PaymentContext.Domain.csproj", "{B858D4BC-FCC2-40F7-B767-3402A746A6D6}"
EndProject
Project("{FAE04EC0-301F-11D3-BF4B-00C04F79EFBC}") = "PaymentContext.Shared", "PaymentContext.Shared\PaymentContext.Shared.csproj", "{F7845DB9-1987-4414-A721-C6D5B03FD511}"
EndProject
Project("{FAE04EC0-301F-11D3-BF4B-00C04F79EFBC}") = "PaymentContext.Tests", "PaymentContext.Tests\PaymentContext.Tests.csproj", "{DA28DDA9-F9AC-49BA-B0CE-2CA9DD981F28}"
EndProject
Global
	GlobalSection(SolutionConfigurationPlatforms) = preSolution
		Debug|Any CPU = Debug|Any CPU
		Release|Any CPU = Release|Any CPU
	EndGlobalSection
	GlobalSection(SolutionProperties) = preSolution
		HideSolutionNode = FALSE
	EndGlobalSection
	GlobalSection(ProjectConfigurationPlatforms) = postSolution
		{B858D4BC-FCC2-40F7-B767-3402A746A6D6}.Debug|Any CPU.ActiveCfg = Debug|Any CPU
		{B858D4BC-FCC2-40F7-B767-3402A746A6D6}.Debug|Any CPU.Build.0 = Debug|Any CPU
		{B858D4BC-FCC2-40F7-B767-3402A746A6D6}.Release|Any CPU.ActiveCfg = Release|Any CPU
		{B858D4BC-FCC2-40F7-B767-3402A746A6D6}.Release|Any CPU.Build.0 = Release|Any CPU
		{F7845DB9-1987-4414-A721-C6D5B03FD511}.Debug|Any CPU.ActiveCfg = Debug|Any CPU
		{F7845DB9-1987-4414-A721-C6D5B03FD511}.Debug|Any CPU.Build.0 = Debug|Any CPU
		{F7845DB9-1987-4414-A721-C6D5B03FD511}.Release|Any CPU.ActiveCfg = Release|Any CPU
		{F7845DB9-1987-4414-A721-C6D5B03FD511}.Release|Any CPU.Build.0 = Release|Any CPU
		{DA28DDA9-F9AC-49BA-B0CE-2CA9DD981F28}.Debug|Any CPU.ActiveCfg = Debug|Any CPU
		{DA28DDA9-F9AC-49BA-B0CE-2CA9DD981F28}.Debug|Any CPU.Build.0 = Debug|Any CPU
		{DA28DDA9-F9AC-49BA-B0CE-2CA9DD981F28}.Release|Any CPU.ActiveCfg = Release|Any CPU
		{DA28DDA9-F9AC-49BA-B0CE-2CA9DD981F28}.Release|Any CPU.Build.0 = Release|Any CPU
	EndGlobalSection
EndGlobal
